
Microsoft Visual Studio Solution File, Format Version 12.00
# Visual Studio Version 17
VisualStudioVersion = 17.7.34031.279
MinimumVisualStudioVersion = 10.0.40219.1
Project("{9A19103F-16F7-4668-BE54-9A1E7A4F7556}") = "Practice2-1", "Practice2-1\Practice2-1.csproj", "{5F411393-DC31-4CC1-BF0D-355DDC193607}"
EndProject
Global
	GlobalSection(SolutionConfigurationPlatforms) = preSolution
		Debug|Any CPU = Debug|Any CPU
		Release|Any CPU = Release|Any CPU
	EndGlobalSection
	GlobalSection(ProjectConfigurationPlatforms) = postSolution
		{5F411393-DC31-4CC1-BF0D-355DDC193607}.Debug|Any CPU.ActiveCfg = Debug|Any CPU
		{5F411393-DC31-4CC1-BF0D-355DDC193607}.Debug|Any CPU.Build.0 = Debug|Any CPU
		{5F411393-DC31-4CC1-BF0D-355DDC193607}.Release|Any CPU.ActiveCfg = Release|Any CPU
		{5F411393-DC31-4CC1-BF0D-355DDC193607}.Release|Any CPU.Build.0 = Release|Any CPU
	EndGlobalSection
	GlobalSection(SolutionProperties) = preSolution
		HideSolutionNode = FALSE
	EndGlobalSection
	GlobalSection(ExtensibilityGlobals) = postSolution
		SolutionGuid = {13AD1AE2-7C00-467C-B8A3-C44AFA25710B}
	EndGlobalSection
EndGlobal
