
Microsoft Visual Studio Solution File, Format Version 12.00
# Visual Studio Version 17
VisualStudioVersion = 17.7.34031.279
MinimumVisualStudioVersion = 10.0.40219.1
Project("{FAE04EC0-301F-11D3-BF4B-00C04F79EFBC}") = "Practice_7_1", "Practice_7_1\Practice_7_1.csproj", "{0B37B77E-49BD-480B-B674-582407EB469D}"
EndProject
Global
	GlobalSection(SolutionConfigurationPlatforms) = preSolution
		Debug|Any CPU = Debug|Any CPU
		Release|Any CPU = Release|Any CPU
	EndGlobalSection
	GlobalSection(ProjectConfigurationPlatforms) = postSolution
		{0B37B77E-49BD-480B-B674-582407EB469D}.Debug|Any CPU.ActiveCfg = Debug|Any CPU
		{0B37B77E-49BD-480B-B674-582407EB469D}.Debug|Any CPU.Build.0 = Debug|Any CPU
		{0B37B77E-49BD-480B-B674-582407EB469D}.Release|Any CPU.ActiveCfg = Release|Any CPU
		{0B37B77E-49BD-480B-B674-582407EB469D}.Release|Any CPU.Build.0 = Release|Any CPU
	EndGlobalSection
	GlobalSection(SolutionProperties) = preSolution
		HideSolutionNode = FALSE
	EndGlobalSection
	GlobalSection(ExtensibilityGlobals) = postSolution
		SolutionGuid = {53B69776-BFCB-4B65-96B5-7EA0E5539C26}
	EndGlobalSection
EndGlobal
