
Microsoft Visual Studio Solution File, Format Version 12.00
# Visual Studio Version 17
VisualStudioVersion = 17.7.34031.279
MinimumVisualStudioVersion = 10.0.40219.1
Project("{FAE04EC0-301F-11D3-BF4B-00C04F79EFBC}") = "practice_4_2", "practice_4_2\practice_4_2.csproj", "{F008E66D-2C91-40E5-A108-18CD0C5CCC0D}"
EndProject
Global
	GlobalSection(SolutionConfigurationPlatforms) = preSolution
		Debug|Any CPU = Debug|Any CPU
		Release|Any CPU = Release|Any CPU
	EndGlobalSection
	GlobalSection(ProjectConfigurationPlatforms) = postSolution
		{F008E66D-2C91-40E5-A108-18CD0C5CCC0D}.Debug|Any CPU.ActiveCfg = Debug|Any CPU
		{F008E66D-2C91-40E5-A108-18CD0C5CCC0D}.Debug|Any CPU.Build.0 = Debug|Any CPU
		{F008E66D-2C91-40E5-A108-18CD0C5CCC0D}.Release|Any CPU.ActiveCfg = Release|Any CPU
		{F008E66D-2C91-40E5-A108-18CD0C5CCC0D}.Release|Any CPU.Build.0 = Release|Any CPU
	EndGlobalSection
	GlobalSection(SolutionProperties) = preSolution
		HideSolutionNode = FALSE
	EndGlobalSection
	GlobalSection(ExtensibilityGlobals) = postSolution
		SolutionGuid = {5A4DE2A4-2951-4167-B90A-100192A13015}
	EndGlobalSection
EndGlobal
