
Microsoft Visual Studio Solution File, Format Version 12.00
# Visual Studio Version 17
VisualStudioVersion = 17.7.34031.279
MinimumVisualStudioVersion = 10.0.40219.1
Project("{FAE04EC0-301F-11D3-BF4B-00C04F79EFBC}") = "practice_4_1", "practice_4_1\practice_4_1.csproj", "{280374F5-74EB-4101-BEED-D45461B1FCE3}"
EndProject
Global
	GlobalSection(SolutionConfigurationPlatforms) = preSolution
		Debug|Any CPU = Debug|Any CPU
		Release|Any CPU = Release|Any CPU
	EndGlobalSection
	GlobalSection(ProjectConfigurationPlatforms) = postSolution
		{280374F5-74EB-4101-BEED-D45461B1FCE3}.Debug|Any CPU.ActiveCfg = Debug|Any CPU
		{280374F5-74EB-4101-BEED-D45461B1FCE3}.Debug|Any CPU.Build.0 = Debug|Any CPU
		{280374F5-74EB-4101-BEED-D45461B1FCE3}.Release|Any CPU.ActiveCfg = Release|Any CPU
		{280374F5-74EB-4101-BEED-D45461B1FCE3}.Release|Any CPU.Build.0 = Release|Any CPU
	EndGlobalSection
	GlobalSection(SolutionProperties) = preSolution
		HideSolutionNode = FALSE
	EndGlobalSection
	GlobalSection(ExtensibilityGlobals) = postSolution
		SolutionGuid = {0908EDA2-EC8A-4D6D-A6BC-EF4353813EBC}
	EndGlobalSection
EndGlobal
